
Microsoft Visual Studio Solution File, Format Version 12.00
# Visual Studio Version 17
VisualStudioVersion = 17.7.34018.315
MinimumVisualStudioVersion = 10.0.40219.1
Project("{FAE04EC0-301F-11D3-BF4B-00C04F79EFBC}") = "TodoListApp", "TodoListApp\TodoListApp.csproj", "{E9A64853-DA6C-4984-BA87-57AB855F2E5F}"
EndProject
Global
	GlobalSection(SolutionConfigurationPlatforms) = preSolution
		Debug|Any CPU = Debug|Any CPU
		Release|Any CPU = Release|Any CPU
	EndGlobalSection
	GlobalSection(ProjectConfigurationPlatforms) = postSolution
		{E9A64853-DA6C-4984-BA87-57AB855F2E5F}.Debug|Any CPU.ActiveCfg = Debug|Any CPU
		{E9A64853-DA6C-4984-BA87-57AB855F2E5F}.Debug|Any CPU.Build.0 = Debug|Any CPU
		{E9A64853-DA6C-4984-BA87-57AB855F2E5F}.Debug|Any CPU.Deploy.0 = Debug|Any CPU
		{E9A64853-DA6C-4984-BA87-57AB855F2E5F}.Release|Any CPU.ActiveCfg = Release|Any CPU
		{E9A64853-DA6C-4984-BA87-57AB855F2E5F}.Release|Any CPU.Build.0 = Release|Any CPU
		{E9A64853-DA6C-4984-BA87-57AB855F2E5F}.Release|Any CPU.Deploy.0 = Release|Any CPU
	EndGlobalSection
	GlobalSection(SolutionProperties) = preSolution
		HideSolutionNode = FALSE
	EndGlobalSection
	GlobalSection(ExtensibilityGlobals) = postSolution
		SolutionGuid = {D0868D17-33CB-4FFE-B59B-D5E4D8CB1C9F}
	EndGlobalSection
EndGlobal
